
Microsoft Visual Studio Solution File, Format Version 12.00
# Visual Studio Version 17
VisualStudioVersion = 17.0.31903.59
MinimumVisualStudioVersion = 10.0.40219.1
Project("{2150E333-8FDC-42A3-9474-1A3956D46DE8}") = "src", "src", "{66FE4663-79A3-414C-A413-0AE7BD25EC18}"
EndProject
Project("{F2A71F9B-5D33-465A-A702-920D77279786}") = "Page.CLI", "src\Page.CLI\Page.CLI.fsproj", "{0D85B54C-B015-4B69-86A6-7A38F740BB57}"
EndProject
Project("{F2A71F9B-5D33-465A-A702-920D77279786}") = "Page.Views", "src\Page.Views\Page.Views.fsproj", "{3F48443A-BAF7-4B2D-8FEC-895DC501128A}"
EndProject
Global
	GlobalSection(SolutionConfigurationPlatforms) = preSolution
		Debug|Any CPU = Debug|Any CPU
		Release|Any CPU = Release|Any CPU
	EndGlobalSection
	GlobalSection(SolutionProperties) = preSolution
		HideSolutionNode = FALSE
	EndGlobalSection
	GlobalSection(NestedProjects) = preSolution
		{0D85B54C-B015-4B69-86A6-7A38F740BB57} = {66FE4663-79A3-414C-A413-0AE7BD25EC18}
		{3F48443A-BAF7-4B2D-8FEC-895DC501128A} = {66FE4663-79A3-414C-A413-0AE7BD25EC18}
	EndGlobalSection
	GlobalSection(ProjectConfigurationPlatforms) = postSolution
		{0D85B54C-B015-4B69-86A6-7A38F740BB57}.Debug|Any CPU.ActiveCfg = Debug|Any CPU
		{0D85B54C-B015-4B69-86A6-7A38F740BB57}.Debug|Any CPU.Build.0 = Debug|Any CPU
		{0D85B54C-B015-4B69-86A6-7A38F740BB57}.Release|Any CPU.ActiveCfg = Release|Any CPU
		{0D85B54C-B015-4B69-86A6-7A38F740BB57}.Release|Any CPU.Build.0 = Release|Any CPU
		{3F48443A-BAF7-4B2D-8FEC-895DC501128A}.Debug|Any CPU.ActiveCfg = Debug|Any CPU
		{3F48443A-BAF7-4B2D-8FEC-895DC501128A}.Debug|Any CPU.Build.0 = Debug|Any CPU
		{3F48443A-BAF7-4B2D-8FEC-895DC501128A}.Release|Any CPU.ActiveCfg = Release|Any CPU
		{3F48443A-BAF7-4B2D-8FEC-895DC501128A}.Release|Any CPU.Build.0 = Release|Any CPU
	EndGlobalSection
EndGlobal
